
Microsoft Visual Studio Solution File, Format Version 12.00
# Visual Studio 15
VisualStudioVersion = 15.0.27130.2010
MinimumVisualStudioVersion = 10.0.40219.1
Project("{FAE04EC0-301F-11D3-BF4B-00C04F79EFBC}") = "windows-service-sample", "windows-service-sample.csproj", "{CEA34975-6EE6-478D-ADF2-975D2F16CADF}"
EndProject
Global
	GlobalSection(SolutionConfigurationPlatforms) = preSolution
		Debug|Any CPU = Debug|Any CPU
		Release|Any CPU = Release|Any CPU
	EndGlobalSection
	GlobalSection(ProjectConfigurationPlatforms) = postSolution
		{CEA34975-6EE6-478D-ADF2-975D2F16CADF}.Debug|Any CPU.ActiveCfg = Debug|Any CPU
		{CEA34975-6EE6-478D-ADF2-975D2F16CADF}.Debug|Any CPU.Build.0 = Debug|Any CPU
		{CEA34975-6EE6-478D-ADF2-975D2F16CADF}.Release|Any CPU.ActiveCfg = Release|Any CPU
		{CEA34975-6EE6-478D-ADF2-975D2F16CADF}.Release|Any CPU.Build.0 = Release|Any CPU
	EndGlobalSection
	GlobalSection(SolutionProperties) = preSolution
		HideSolutionNode = FALSE
	EndGlobalSection
	GlobalSection(ExtensibilityGlobals) = postSolution
		SolutionGuid = {3DAA389B-3239-453D-ABB0-EBCED5D7E348}
	EndGlobalSection
EndGlobal
